
Microsoft Visual Studio Solution File, Format Version 12.00
# Visual Studio 15
VisualStudioVersion = 15.0.26124.0
MinimumVisualStudioVersion = 15.0.26124.0
Project("{FAE04EC0-301F-11D3-BF4B-00C04F79EFBC}") = "TagTool.Web", "TagTool.Web\TagTool.Web.csproj", "{053A0B2D-4DA5-4762-9EB0-33B6F375E0BB}"
EndProject
Project("{FAE04EC0-301F-11D3-BF4B-00C04F79EFBC}") = "TagTool.Data", "TagTool.Data\TagTool.Data.csproj", "{1B03FCC9-B52D-4A6F-ACFF-8359753AF346}"
EndProject
Project("{FAE04EC0-301F-11D3-BF4B-00C04F79EFBC}") = "TagTool.Test", "TagTool.Test\TagTool.Test.csproj", "{3E9A5339-33BE-4D34-84CF-E94471345276}"
EndProject
Global
	GlobalSection(SolutionConfigurationPlatforms) = preSolution
		Debug|Any CPU = Debug|Any CPU
		Debug|x64 = Debug|x64
		Debug|x86 = Debug|x86
		Release|Any CPU = Release|Any CPU
		Release|x64 = Release|x64
		Release|x86 = Release|x86
	EndGlobalSection
	GlobalSection(SolutionProperties) = preSolution
		HideSolutionNode = FALSE
	EndGlobalSection
	GlobalSection(ProjectConfigurationPlatforms) = postSolution
		{053A0B2D-4DA5-4762-9EB0-33B6F375E0BB}.Debug|Any CPU.ActiveCfg = Debug|Any CPU
		{053A0B2D-4DA5-4762-9EB0-33B6F375E0BB}.Debug|Any CPU.Build.0 = Debug|Any CPU
		{053A0B2D-4DA5-4762-9EB0-33B6F375E0BB}.Debug|x64.ActiveCfg = Debug|Any CPU
		{053A0B2D-4DA5-4762-9EB0-33B6F375E0BB}.Debug|x64.Build.0 = Debug|Any CPU
		{053A0B2D-4DA5-4762-9EB0-33B6F375E0BB}.Debug|x86.ActiveCfg = Debug|Any CPU
		{053A0B2D-4DA5-4762-9EB0-33B6F375E0BB}.Debug|x86.Build.0 = Debug|Any CPU
		{053A0B2D-4DA5-4762-9EB0-33B6F375E0BB}.Release|Any CPU.ActiveCfg = Release|Any CPU
		{053A0B2D-4DA5-4762-9EB0-33B6F375E0BB}.Release|Any CPU.Build.0 = Release|Any CPU
		{053A0B2D-4DA5-4762-9EB0-33B6F375E0BB}.Release|x64.ActiveCfg = Release|Any CPU
		{053A0B2D-4DA5-4762-9EB0-33B6F375E0BB}.Release|x64.Build.0 = Release|Any CPU
		{053A0B2D-4DA5-4762-9EB0-33B6F375E0BB}.Release|x86.ActiveCfg = Release|Any CPU
		{053A0B2D-4DA5-4762-9EB0-33B6F375E0BB}.Release|x86.Build.0 = Release|Any CPU
		{1B03FCC9-B52D-4A6F-ACFF-8359753AF346}.Debug|Any CPU.ActiveCfg = Debug|Any CPU
		{1B03FCC9-B52D-4A6F-ACFF-8359753AF346}.Debug|Any CPU.Build.0 = Debug|Any CPU
		{1B03FCC9-B52D-4A6F-ACFF-8359753AF346}.Debug|x64.ActiveCfg = Debug|Any CPU
		{1B03FCC9-B52D-4A6F-ACFF-8359753AF346}.Debug|x64.Build.0 = Debug|Any CPU
		{1B03FCC9-B52D-4A6F-ACFF-8359753AF346}.Debug|x86.ActiveCfg = Debug|Any CPU
		{1B03FCC9-B52D-4A6F-ACFF-8359753AF346}.Debug|x86.Build.0 = Debug|Any CPU
		{1B03FCC9-B52D-4A6F-ACFF-8359753AF346}.Release|Any CPU.ActiveCfg = Release|Any CPU
		{1B03FCC9-B52D-4A6F-ACFF-8359753AF346}.Release|Any CPU.Build.0 = Release|Any CPU
		{1B03FCC9-B52D-4A6F-ACFF-8359753AF346}.Release|x64.ActiveCfg = Release|Any CPU
		{1B03FCC9-B52D-4A6F-ACFF-8359753AF346}.Release|x64.Build.0 = Release|Any CPU
		{1B03FCC9-B52D-4A6F-ACFF-8359753AF346}.Release|x86.ActiveCfg = Release|Any CPU
		{1B03FCC9-B52D-4A6F-ACFF-8359753AF346}.Release|x86.Build.0 = Release|Any CPU
		{3E9A5339-33BE-4D34-84CF-E94471345276}.Debug|Any CPU.ActiveCfg = Debug|Any CPU
		{3E9A5339-33BE-4D34-84CF-E94471345276}.Debug|Any CPU.Build.0 = Debug|Any CPU
		{3E9A5339-33BE-4D34-84CF-E94471345276}.Debug|x64.ActiveCfg = Debug|Any CPU
		{3E9A5339-33BE-4D34-84CF-E94471345276}.Debug|x64.Build.0 = Debug|Any CPU
		{3E9A5339-33BE-4D34-84CF-E94471345276}.Debug|x86.ActiveCfg = Debug|Any CPU
		{3E9A5339-33BE-4D34-84CF-E94471345276}.Debug|x86.Build.0 = Debug|Any CPU
		{3E9A5339-33BE-4D34-84CF-E94471345276}.Release|Any CPU.ActiveCfg = Release|Any CPU
		{3E9A5339-33BE-4D34-84CF-E94471345276}.Release|Any CPU.Build.0 = Release|Any CPU
		{3E9A5339-33BE-4D34-84CF-E94471345276}.Release|x64.ActiveCfg = Release|Any CPU
		{3E9A5339-33BE-4D34-84CF-E94471345276}.Release|x64.Build.0 = Release|Any CPU
		{3E9A5339-33BE-4D34-84CF-E94471345276}.Release|x86.ActiveCfg = Release|Any CPU
		{3E9A5339-33BE-4D34-84CF-E94471345276}.Release|x86.Build.0 = Release|Any CPU
	EndGlobalSection
EndGlobal
